
Microsoft Visual Studio Solution File, Format Version 12.00
# Visual Studio Version 17
VisualStudioVersion = 17.13.35919.96 d17.13
MinimumVisualStudioVersion = 10.0.40219.1
Project("{FAE04EC0-301F-11D3-BF4B-00C04F79EFBC}") = "HotelApp", "HotelApp\HotelApp.csproj", "{4399C025-B6DC-4197-9845-E05AC869B9F0}"
EndProject
Global
	GlobalSection(SolutionConfigurationPlatforms) = preSolution
		Debug|Any CPU = Debug|Any CPU
		Release|Any CPU = Release|Any CPU
	EndGlobalSection
	GlobalSection(ProjectConfigurationPlatforms) = postSolution
		{4399C025-B6DC-4197-9845-E05AC869B9F0}.Debug|Any CPU.ActiveCfg = Debug|Any CPU
		{4399C025-B6DC-4197-9845-E05AC869B9F0}.Debug|Any CPU.Build.0 = Debug|Any CPU
		{4399C025-B6DC-4197-9845-E05AC869B9F0}.Release|Any CPU.ActiveCfg = Release|Any CPU
		{4399C025-B6DC-4197-9845-E05AC869B9F0}.Release|Any CPU.Build.0 = Release|Any CPU
	EndGlobalSection
	GlobalSection(SolutionProperties) = preSolution
		HideSolutionNode = FALSE
	EndGlobalSection
	GlobalSection(ExtensibilityGlobals) = postSolution
		SolutionGuid = {D670D121-0CAD-46B8-907B-9243F6A59B3A}
	EndGlobalSection
EndGlobal
